
Microsoft Visual Studio Solution File, Format Version 12.00
# Visual Studio 15
VisualStudioVersion = 15.0.28307.106
MinimumVisualStudioVersion = 10.0.40219.1
Project("{9A19103F-16F7-4668-BE54-9A1E7A4F7556}") = "NTUEvents", "NTUEvents\NTUEvents.csproj", "{36D6032D-18A8-4532-9484-27AE61C2B1CB}"
EndProject
Global
	GlobalSection(SolutionConfigurationPlatforms) = preSolution
		Debug|Any CPU = Debug|Any CPU
		Release|Any CPU = Release|Any CPU
	EndGlobalSection
	GlobalSection(ProjectConfigurationPlatforms) = postSolution
		{36D6032D-18A8-4532-9484-27AE61C2B1CB}.Debug|Any CPU.ActiveCfg = Debug|Any CPU
		{36D6032D-18A8-4532-9484-27AE61C2B1CB}.Debug|Any CPU.Build.0 = Debug|Any CPU
		{36D6032D-18A8-4532-9484-27AE61C2B1CB}.Release|Any CPU.ActiveCfg = Release|Any CPU
		{36D6032D-18A8-4532-9484-27AE61C2B1CB}.Release|Any CPU.Build.0 = Release|Any CPU
	EndGlobalSection
	GlobalSection(SolutionProperties) = preSolution
		HideSolutionNode = FALSE
	EndGlobalSection
	GlobalSection(ExtensibilityGlobals) = postSolution
		SolutionGuid = {AAA5CE27-ED62-4773-93E1-68276BAA25BB}
	EndGlobalSection
EndGlobal
